
Microsoft Visual Studio Solution File, Format Version 12.00
# Visual Studio 15
VisualStudioVersion = 15.0.28307.1800
MinimumVisualStudioVersion = 10.0.40219.1
Project("{FAE04EC0-301F-11D3-BF4B-00C04F79EFBC}") = "CalculatorTesting", "CalculatorTesting\CalculatorTesting.csproj", "{2114C549-1426-4E5B-8CA0-C8844D7C9C4B}"
EndProject
Global
	GlobalSection(SolutionConfigurationPlatforms) = preSolution
		Debug|Any CPU = Debug|Any CPU
		Release|Any CPU = Release|Any CPU
	EndGlobalSection
	GlobalSection(ProjectConfigurationPlatforms) = postSolution
		{2114C549-1426-4E5B-8CA0-C8844D7C9C4B}.Debug|Any CPU.ActiveCfg = Debug|Any CPU
		{2114C549-1426-4E5B-8CA0-C8844D7C9C4B}.Debug|Any CPU.Build.0 = Debug|Any CPU
		{2114C549-1426-4E5B-8CA0-C8844D7C9C4B}.Release|Any CPU.ActiveCfg = Release|Any CPU
		{2114C549-1426-4E5B-8CA0-C8844D7C9C4B}.Release|Any CPU.Build.0 = Release|Any CPU
	EndGlobalSection
	GlobalSection(SolutionProperties) = preSolution
		HideSolutionNode = FALSE
	EndGlobalSection
	GlobalSection(ExtensibilityGlobals) = postSolution
		SolutionGuid = {7623972D-FF70-48E7-BD6E-119EC3C37D4D}
	EndGlobalSection
EndGlobal
